
Microsoft Visual Studio Solution File, Format Version 12.00
# Visual Studio Version 17
VisualStudioVersion = 17.8.34511.84
MinimumVisualStudioVersion = 10.0.40219.1
Project("{9A19103F-16F7-4668-BE54-9A1E7A4F7556}") = "DeployAssistant", "SimpleBinaryVCS\DeployAssistant.csproj", "{3606383B-C04D-4105-BD79-7AB9EB1AF675}"
EndProject
Project("{2150E333-8FDC-42A3-9474-1A3956D46DE8}") = "Solution Items", "Solution Items", "{8CBA3EA4-AA21-4797-A068-FE2091482D0A}"
	ProjectSection(SolutionItems) = preProject
		.editorconfig = .editorconfig
	EndProjectSection
EndProject
Global
	GlobalSection(SolutionConfigurationPlatforms) = preSolution
		Debug|Any CPU = Debug|Any CPU
		Release|Any CPU = Release|Any CPU
	EndGlobalSection
	GlobalSection(ProjectConfigurationPlatforms) = postSolution
		{3606383B-C04D-4105-BD79-7AB9EB1AF675}.Debug|Any CPU.ActiveCfg = Debug|Any CPU
		{3606383B-C04D-4105-BD79-7AB9EB1AF675}.Debug|Any CPU.Build.0 = Debug|Any CPU
		{3606383B-C04D-4105-BD79-7AB9EB1AF675}.Release|Any CPU.ActiveCfg = Release|Any CPU
		{3606383B-C04D-4105-BD79-7AB9EB1AF675}.Release|Any CPU.Build.0 = Release|Any CPU
	EndGlobalSection
	GlobalSection(SolutionProperties) = preSolution
		HideSolutionNode = FALSE
	EndGlobalSection
	GlobalSection(ExtensibilityGlobals) = postSolution
		SolutionGuid = {CF00E489-7B79-4052-8E70-A6CE8431D1DE}
	EndGlobalSection
EndGlobal
